
Microsoft Visual Studio Solution File, Format Version 12.00
# Visual Studio Version 17
VisualStudioVersion = 17.5.33414.496
MinimumVisualStudioVersion = 10.0.40219.1
Project("{2150E333-8FDC-42A3-9474-1A3956D46DE8}") = "src", "src", "{9CA33506-0151-4687-A8C3-094D60482CCA}"
EndProject
Project("{2150E333-8FDC-42A3-9474-1A3956D46DE8}") = "test", "test", "{96E545C1-7672-4953-BD99-35E5C21DF502}"
EndProject
Project("{2150E333-8FDC-42A3-9474-1A3956D46DE8}") = "API", "API", "{E0DCA56E-05C6-4CDF-944F-B555A9884247}"
EndProject
Project("{2150E333-8FDC-42A3-9474-1A3956D46DE8}") = "Core", "Core", "{DAFF5B72-1E06-47B3-AE0A-C4F583D6A882}"
EndProject
Project("{2150E333-8FDC-42A3-9474-1A3956D46DE8}") = "Infrastructure", "Infrastructure", "{DA80A6C3-B287-433C-B1AA-689B33F839E2}"
EndProject
Project("{FAE04EC0-301F-11D3-BF4B-00C04F79EFBC}") = "StarWars.JediArchives.Application", "StarWars.JediArchives.Application\StarWars.JediArchives.Application.csproj", "{AD41F005-BC09-4A63-9F00-599C91FD0E5F}"
EndProject
Project("{FAE04EC0-301F-11D3-BF4B-00C04F79EFBC}") = "StarWars.JediArchives.Domain", "StarWars.JediArchives.Domain\StarWars.JediArchives.Domain.csproj", "{B9C010A8-6447-4193-B1C7-B649305BE699}"
EndProject
Project("{FAE04EC0-301F-11D3-BF4B-00C04F79EFBC}") = "StarWars.JediArchives.Identity", "StarWars.JediArchives.Identity\StarWars.JediArchives.Identity.csproj", "{807DEBE3-3D8F-469D-8A37-70EA0A6A6778}"
EndProject
Project("{FAE04EC0-301F-11D3-BF4B-00C04F79EFBC}") = "StarWars.JediArchives.Infrastructure", "StarWars.JediArchives.Infrastructure\StarWars.JediArchives.Infrastructure.csproj", "{CE9B1F35-0477-447F-9891-C0EAC989E0C7}"
EndProject
Project("{FAE04EC0-301F-11D3-BF4B-00C04F79EFBC}") = "StarWars.JediArchives.Persistence", "StarWars.JediArchives.Persistence\StarWars.JediArchives.Persistence.csproj", "{74BF2EEA-8016-4A0A-9A14-691A7FA67508}"
EndProject
Project("{FAE04EC0-301F-11D3-BF4B-00C04F79EFBC}") = "StarWars.JediArchives.Api", "StarWars.JediArchives.Api\StarWars.JediArchives.Api.csproj", "{6006237F-FAF4-42C3-83C8-5E79378DCB60}"
EndProject
Global
	GlobalSection(SolutionConfigurationPlatforms) = preSolution
		Debug|Any CPU = Debug|Any CPU
		Release|Any CPU = Release|Any CPU
	EndGlobalSection
	GlobalSection(ProjectConfigurationPlatforms) = postSolution
		{AD41F005-BC09-4A63-9F00-599C91FD0E5F}.Debug|Any CPU.ActiveCfg = Debug|Any CPU
		{AD41F005-BC09-4A63-9F00-599C91FD0E5F}.Debug|Any CPU.Build.0 = Debug|Any CPU
		{AD41F005-BC09-4A63-9F00-599C91FD0E5F}.Release|Any CPU.ActiveCfg = Release|Any CPU
		{AD41F005-BC09-4A63-9F00-599C91FD0E5F}.Release|Any CPU.Build.0 = Release|Any CPU
		{B9C010A8-6447-4193-B1C7-B649305BE699}.Debug|Any CPU.ActiveCfg = Debug|Any CPU
		{B9C010A8-6447-4193-B1C7-B649305BE699}.Debug|Any CPU.Build.0 = Debug|Any CPU
		{B9C010A8-6447-4193-B1C7-B649305BE699}.Release|Any CPU.ActiveCfg = Release|Any CPU
		{B9C010A8-6447-4193-B1C7-B649305BE699}.Release|Any CPU.Build.0 = Release|Any CPU
		{807DEBE3-3D8F-469D-8A37-70EA0A6A6778}.Debug|Any CPU.ActiveCfg = Debug|Any CPU
		{807DEBE3-3D8F-469D-8A37-70EA0A6A6778}.Debug|Any CPU.Build.0 = Debug|Any CPU
		{807DEBE3-3D8F-469D-8A37-70EA0A6A6778}.Release|Any CPU.ActiveCfg = Release|Any CPU
		{807DEBE3-3D8F-469D-8A37-70EA0A6A6778}.Release|Any CPU.Build.0 = Release|Any CPU
		{CE9B1F35-0477-447F-9891-C0EAC989E0C7}.Debug|Any CPU.ActiveCfg = Debug|Any CPU
		{CE9B1F35-0477-447F-9891-C0EAC989E0C7}.Debug|Any CPU.Build.0 = Debug|Any CPU
		{CE9B1F35-0477-447F-9891-C0EAC989E0C7}.Release|Any CPU.ActiveCfg = Release|Any CPU
		{CE9B1F35-0477-447F-9891-C0EAC989E0C7}.Release|Any CPU.Build.0 = Release|Any CPU
		{74BF2EEA-8016-4A0A-9A14-691A7FA67508}.Debug|Any CPU.ActiveCfg = Debug|Any CPU
		{74BF2EEA-8016-4A0A-9A14-691A7FA67508}.Debug|Any CPU.Build.0 = Debug|Any CPU
		{74BF2EEA-8016-4A0A-9A14-691A7FA67508}.Release|Any CPU.ActiveCfg = Release|Any CPU
		{74BF2EEA-8016-4A0A-9A14-691A7FA67508}.Release|Any CPU.Build.0 = Release|Any CPU
		{6006237F-FAF4-42C3-83C8-5E79378DCB60}.Debug|Any CPU.ActiveCfg = Debug|Any CPU
		{6006237F-FAF4-42C3-83C8-5E79378DCB60}.Debug|Any CPU.Build.0 = Debug|Any CPU
		{6006237F-FAF4-42C3-83C8-5E79378DCB60}.Release|Any CPU.ActiveCfg = Release|Any CPU
		{6006237F-FAF4-42C3-83C8-5E79378DCB60}.Release|Any CPU.Build.0 = Release|Any CPU
	EndGlobalSection
	GlobalSection(SolutionProperties) = preSolution
		HideSolutionNode = FALSE
	EndGlobalSection
	GlobalSection(NestedProjects) = preSolution
		{E0DCA56E-05C6-4CDF-944F-B555A9884247} = {9CA33506-0151-4687-A8C3-094D60482CCA}
		{DAFF5B72-1E06-47B3-AE0A-C4F583D6A882} = {9CA33506-0151-4687-A8C3-094D60482CCA}
		{DA80A6C3-B287-433C-B1AA-689B33F839E2} = {9CA33506-0151-4687-A8C3-094D60482CCA}
		{AD41F005-BC09-4A63-9F00-599C91FD0E5F} = {DAFF5B72-1E06-47B3-AE0A-C4F583D6A882}
		{B9C010A8-6447-4193-B1C7-B649305BE699} = {DAFF5B72-1E06-47B3-AE0A-C4F583D6A882}
		{807DEBE3-3D8F-469D-8A37-70EA0A6A6778} = {DA80A6C3-B287-433C-B1AA-689B33F839E2}
		{CE9B1F35-0477-447F-9891-C0EAC989E0C7} = {DA80A6C3-B287-433C-B1AA-689B33F839E2}
		{74BF2EEA-8016-4A0A-9A14-691A7FA67508} = {DA80A6C3-B287-433C-B1AA-689B33F839E2}
		{6006237F-FAF4-42C3-83C8-5E79378DCB60} = {E0DCA56E-05C6-4CDF-944F-B555A9884247}
	EndGlobalSection
	GlobalSection(ExtensibilityGlobals) = postSolution
		SolutionGuid = {B6D85980-CEE9-4E01-B223-BEDC21CEECE9}
	EndGlobalSection
EndGlobal
